
Microsoft Visual Studio Solution File, Format Version 12.00
# Visual Studio 14
VisualStudioVersion = 14.0.25123.0
MinimumVisualStudioVersion = 10.0.40219.1
Project("{FAE04EC0-301F-11D3-BF4B-00C04F79EFBC}") = "user log in", "user log in\user log in.csproj", "{C2E5E496-B00C-4500-B90C-3033902C5E62}"
EndProject
Project("{F088123C-0E9E-452A-89E6-6BA2F21D5CAC}") = "user_1", "user_1\user_1.modelproj", "{620963A5-F01C-4E23-88CD-14F7FCF9478C}"
EndProject
Global
	GlobalSection(SolutionConfigurationPlatforms) = preSolution
		Debug|Any CPU = Debug|Any CPU
		Release|Any CPU = Release|Any CPU
	EndGlobalSection
	GlobalSection(ProjectConfigurationPlatforms) = postSolution
		{C2E5E496-B00C-4500-B90C-3033902C5E62}.Debug|Any CPU.ActiveCfg = Debug|Any CPU
		{C2E5E496-B00C-4500-B90C-3033902C5E62}.Debug|Any CPU.Build.0 = Debug|Any CPU
		{C2E5E496-B00C-4500-B90C-3033902C5E62}.Release|Any CPU.ActiveCfg = Release|Any CPU
		{C2E5E496-B00C-4500-B90C-3033902C5E62}.Release|Any CPU.Build.0 = Release|Any CPU
		{620963A5-F01C-4E23-88CD-14F7FCF9478C}.Debug|Any CPU.ActiveCfg = Debug|Any CPU
		{620963A5-F01C-4E23-88CD-14F7FCF9478C}.Debug|Any CPU.Build.0 = Debug|Any CPU
		{620963A5-F01C-4E23-88CD-14F7FCF9478C}.Release|Any CPU.ActiveCfg = Release|Any CPU
		{620963A5-F01C-4E23-88CD-14F7FCF9478C}.Release|Any CPU.Build.0 = Release|Any CPU
	EndGlobalSection
	GlobalSection(SolutionProperties) = preSolution
		HideSolutionNode = FALSE
	EndGlobalSection
EndGlobal
